
Microsoft Visual Studio Solution File, Format Version 11.00
# Visual Studio 2010
Project("{FAE04EC0-301F-11D3-BF4B-00C04F79EFBC}") = "Emulator", "Emulator\Emulator.csproj", "{CC7D17F0-9ADE-4B15-BC08-FCEC3E69CB4F}"
EndProject
Global
	GlobalSection(SolutionConfigurationPlatforms) = preSolution
		Debug|x86 = Debug|x86
		Release|x86 = Release|x86
	EndGlobalSection
	GlobalSection(ProjectConfigurationPlatforms) = postSolution
		{CC7D17F0-9ADE-4B15-BC08-FCEC3E69CB4F}.Debug|x86.ActiveCfg = Debug|x86
		{CC7D17F0-9ADE-4B15-BC08-FCEC3E69CB4F}.Debug|x86.Build.0 = Debug|x86
		{CC7D17F0-9ADE-4B15-BC08-FCEC3E69CB4F}.Release|x86.ActiveCfg = Release|x86
		{CC7D17F0-9ADE-4B15-BC08-FCEC3E69CB4F}.Release|x86.Build.0 = Release|x86
	EndGlobalSection
	GlobalSection(SolutionProperties) = preSolution
		HideSolutionNode = FALSE
	EndGlobalSection
EndGlobal
